
Microsoft Visual Studio Solution File, Format Version 12.00
# Visual Studio 15
VisualStudioVersion = 15.0.28307.168
MinimumVisualStudioVersion = 10.0.40219.1
Project("{FAE04EC0-301F-11D3-BF4B-00C04F79EFBC}") = "CiCd.FullProject.Web", "CiCd.FullProject.Web\CiCd.FullProject.Web.csproj", "{FCB6BA59-62DB-4FF6-9611-A95A432630CE}"
EndProject
Project("{00D1A9C2-B5F0-4AF3-8072-F6C62B433612}") = "CiCd.FullProject.WebDatabase", "CiCd.FullProject.WebDatabase\CiCd.FullProject.WebDatabase.sqlproj", "{CF3B8795-FCF6-4A07-9A02-C098E6982AE2}"
EndProject
Project("{151D2E53-A2C4-4D7D-83FE-D05416EBD58E}") = "CiCd.FullProject.ARM", "CiCd.FullProject.ARM\CiCd.FullProject.ARM.deployproj", "{F2E5D550-C042-4052-A844-0DA2F3E61361}"
EndProject
Global
	GlobalSection(SolutionConfigurationPlatforms) = preSolution
		Debug|Any CPU = Debug|Any CPU
		Release|Any CPU = Release|Any CPU
	EndGlobalSection
	GlobalSection(ProjectConfigurationPlatforms) = postSolution
		{FCB6BA59-62DB-4FF6-9611-A95A432630CE}.Debug|Any CPU.ActiveCfg = Debug|Any CPU
		{FCB6BA59-62DB-4FF6-9611-A95A432630CE}.Debug|Any CPU.Build.0 = Debug|Any CPU
		{FCB6BA59-62DB-4FF6-9611-A95A432630CE}.Release|Any CPU.ActiveCfg = Release|Any CPU
		{FCB6BA59-62DB-4FF6-9611-A95A432630CE}.Release|Any CPU.Build.0 = Release|Any CPU
		{CF3B8795-FCF6-4A07-9A02-C098E6982AE2}.Debug|Any CPU.ActiveCfg = Debug|Any CPU
		{CF3B8795-FCF6-4A07-9A02-C098E6982AE2}.Debug|Any CPU.Build.0 = Debug|Any CPU
		{CF3B8795-FCF6-4A07-9A02-C098E6982AE2}.Debug|Any CPU.Deploy.0 = Debug|Any CPU
		{CF3B8795-FCF6-4A07-9A02-C098E6982AE2}.Release|Any CPU.ActiveCfg = Release|Any CPU
		{CF3B8795-FCF6-4A07-9A02-C098E6982AE2}.Release|Any CPU.Build.0 = Release|Any CPU
		{CF3B8795-FCF6-4A07-9A02-C098E6982AE2}.Release|Any CPU.Deploy.0 = Release|Any CPU
		{F2E5D550-C042-4052-A844-0DA2F3E61361}.Debug|Any CPU.ActiveCfg = Debug|Any CPU
		{F2E5D550-C042-4052-A844-0DA2F3E61361}.Debug|Any CPU.Build.0 = Debug|Any CPU
		{F2E5D550-C042-4052-A844-0DA2F3E61361}.Release|Any CPU.ActiveCfg = Release|Any CPU
		{F2E5D550-C042-4052-A844-0DA2F3E61361}.Release|Any CPU.Build.0 = Release|Any CPU
	EndGlobalSection
	GlobalSection(SolutionProperties) = preSolution
		HideSolutionNode = FALSE
	EndGlobalSection
	GlobalSection(ExtensibilityGlobals) = postSolution
		SolutionGuid = {03431F37-4340-4138-AEF3-B8879F8C6210}
	EndGlobalSection
EndGlobal
